
Microsoft Visual Studio Solution File, Format Version 12.00
# Visual Studio Version 16
VisualStudioVersion = 16.0.30523.141
MinimumVisualStudioVersion = 10.0.40219.1
Project("{FAE04EC0-301F-11D3-BF4B-00C04F79EFBC}") = "EstruturaOficial", "EstruturaOficial\EstruturaOficial.csproj", "{3D267DAA-B175-4DF6-91D5-586BB1C70F91}"
EndProject
Global
	GlobalSection(SolutionConfigurationPlatforms) = preSolution
		Debug|Any CPU = Debug|Any CPU
		Release|Any CPU = Release|Any CPU
	EndGlobalSection
	GlobalSection(ProjectConfigurationPlatforms) = postSolution
		{3D267DAA-B175-4DF6-91D5-586BB1C70F91}.Debug|Any CPU.ActiveCfg = Debug|Any CPU
		{3D267DAA-B175-4DF6-91D5-586BB1C70F91}.Debug|Any CPU.Build.0 = Debug|Any CPU
		{3D267DAA-B175-4DF6-91D5-586BB1C70F91}.Release|Any CPU.ActiveCfg = Release|Any CPU
		{3D267DAA-B175-4DF6-91D5-586BB1C70F91}.Release|Any CPU.Build.0 = Release|Any CPU
	EndGlobalSection
	GlobalSection(SolutionProperties) = preSolution
		HideSolutionNode = FALSE
	EndGlobalSection
	GlobalSection(ExtensibilityGlobals) = postSolution
		SolutionGuid = {FED85956-1174-4E38-B7B6-6A9F82142624}
	EndGlobalSection
EndGlobal
